// !$*UTF8*$!
{
	archiveVersion = 1;
	classes = {
	};
	objectVersion = 46;
	objects = {

/* Begin PBXBuildFile section */
		9C38D1AF1ED6207A00CC2493 /* BeerTableViewCell.swift in Sources */ = {isa = PBXBuildFile; fileRef = 9C38D1AE1ED6207A00CC2493 /* BeerTableViewCell.swift */; };
		9C38D1B11ED6217700CC2493 /* BeerTableViewController.swift in Sources */ = {isa = PBXBuildFile; fileRef = 9C38D1B01ED6217700CC2493 /* BeerTableViewController.swift */; };
		9C7607591ED7651A0023ADD2 /* ProgressIndicator.swift in Sources */ = {isa = PBXBuildFile; fileRef = 9C7607581ED7651A0023ADD2 /* ProgressIndicator.swift */; };
		9C76075B1ED77C620023ADD2 /* BeerDetailUIViewController.swift in Sources */ = {isa = PBXBuildFile; fileRef = 9C76075A1ED77C620023ADD2 /* BeerDetailUIViewController.swift */; };
		9C76F98E1ED4D2080064FA9A /* AppDelegate.swift in Sources */ = {isa = PBXBuildFile; fileRef = 9C76F98D1ED4D2080064FA9A /* AppDelegate.swift */; };
		9C76F9901ED4D2080064FA9A /* ViewController.swift in Sources */ = {isa = PBXBuildFile; fileRef = 9C76F98F1ED4D2080064FA9A /* ViewController.swift */; };
		9C76F9931ED4D2080064FA9A /* Main.storyboard in Resources */ = {isa = PBXBuildFile; fileRef = 9C76F9911ED4D2080064FA9A /* Main.storyboard */; };
		9C76F9951ED4D2080064FA9A /* Assets.xcassets in Resources */ = {isa = PBXBuildFile; fileRef = 9C76F9941ED4D2080064FA9A /* Assets.xcassets */; };
		9C76F9981ED4D2080064FA9A /* LaunchScreen.storyboard in Resources */ = {isa = PBXBuildFile; fileRef = 9C76F9961ED4D2080064FA9A /* LaunchScreen.storyboard */; };
		B2FADF11CD2D0CD0B5ACB8FC /* Pods_iBeer.framework in Frameworks */ = {isa = PBXBuildFile; fileRef = C458A9965C3E6DC8DB049291 /* Pods_iBeer.framework */; };
/* End PBXBuildFile section */

/* Begin PBXFileReference section */
		515B9661950DDE26A9D5409C /* Pods-iBeer.release.xcconfig */ = {isa = PBXFileReference; includeInIndex = 1; lastKnownFileType = text.xcconfig; name = "Pods-iBeer.release.xcconfig"; path = "Pods/Target Support Files/Pods-iBeer/Pods-iBeer.release.xcconfig"; sourceTree = "<group>"; };
		8EE71B2F2598EFEFA71013D7 /* Pods-iBeer.debug.xcconfig */ = {isa = PBXFileReference; includeInIndex = 1; lastKnownFileType = text.xcconfig; name = "Pods-iBeer.debug.xcconfig"; path = "Pods/Target Support Files/Pods-iBeer/Pods-iBeer.debug.xcconfig"; sourceTree = "<group>"; };
		9C38D1AE1ED6207A00CC2493 /* BeerTableViewCell.swift */ = {isa = PBXFileReference; fileEncoding = 4; lastKnownFileType = sourcecode.swift; path = BeerTableViewCell.swift; sourceTree = "<group>"; };
		9C38D1B01ED6217700CC2493 /* BeerTableViewController.swift */ = {isa = PBXFileReference; fileEncoding = 4; lastKnownFileType = sourcecode.swift; path = BeerTableViewController.swift; sourceTree = "<group>"; };
		9C7607581ED7651A0023ADD2 /* ProgressIndicator.swift */ = {isa = PBXFileReference; fileEncoding = 4; lastKnownFileType = sourcecode.swift; path = ProgressIndicator.swift; sourceTree = "<group>"; };
		9C76075A1ED77C620023ADD2 /* BeerDetailUIViewController.swift */ = {isa = PBXFileReference; fileEncoding = 4; lastKnownFileType = sourcecode.swift; path = BeerDetailUIViewController.swift; sourceTree = "<group>"; };
		9C76F98A1ED4D2080064FA9A /* iBeer.app */ = {isa = PBXFileReference; explicitFileType = wrapper.application; includeInIndex = 0; path = iBeer.app; sourceTree = BUILT_PRODUCTS_DIR; };
		9C76F98D1ED4D2080064FA9A /* AppDelegate.swift */ = {isa = PBXFileReference; lastKnownFileType = sourcecode.swift; path = AppDelegate.swift; sourceTree = "<group>"; };
		9C76F98F1ED4D2080064FA9A /* ViewController.swift */ = {isa = PBXFileReference; lastKnownFileType = sourcecode.swift; path = ViewController.swift; sourceTree = "<group>"; };
		9C76F9921ED4D2080064FA9A /* Base */ = {isa = PBXFileReference; lastKnownFileType = file.storyboard; name = Base; path = Base.lproj/Main.storyboard; sourceTree = "<group>"; };
		9C76F9941ED4D2080064FA9A /* Assets.xcassets */ = {isa = PBXFileReference; lastKnownFileType = folder.assetcatalog; path = Assets.xcassets; sourceTree = "<group>"; };
		9C76F9971ED4D2080064FA9A /* Base */ = {isa = PBXFileReference; lastKnownFileType = file.storyboard; name = Base; path = Base.lproj/LaunchScreen.storyboard; sourceTree = "<group>"; };
		9C76F9991ED4D2080064FA9A /* Info.plist */ = {isa = PBXFileReference; lastKnownFileType = text.plist.xml; path = Info.plist; sourceTree = "<group>"; };
		C458A9965C3E6DC8DB049291 /* Pods_iBeer.framework */ = {isa = PBXFileReference; explicitFileType = wrapper.framework; includeInIndex = 0; path = Pods_iBeer.framework; sourceTree = BUILT_PRODUCTS_DIR; };
/* End PBXFileReference section */

/* Begin PBXFrameworksBuildPhase section */
		9C76F9871ED4D2080064FA9A /* Frameworks */ = {
			isa = PBXFrameworksBuildPhase;
			buildActionMask = 2147483647;
			files = (
				B2FADF11CD2D0CD0B5ACB8FC /* Pods_iBeer.framework in Frameworks */,
			);
			runOnlyForDeploymentPostprocessing = 0;
		};
/* End PBXFrameworksBuildPhase section */

/* Begin PBXGroup section */
		2CA5463467E6FA634646ECAD /* Frameworks */ = {
			isa = PBXGroup;
			children = (
				C458A9965C3E6DC8DB049291 /* Pods_iBeer.framework */,
			);
			name = Frameworks;
			sourceTree = "<group>";
		};
		49DE9C233B8FEFA9841F69F2 /* Pods */ = {
			isa = PBXGroup;
			children = (
				8EE71B2F2598EFEFA71013D7 /* Pods-iBeer.debug.xcconfig */,
				515B9661950DDE26A9D5409C /* Pods-iBeer.release.xcconfig */,
			);
			name = Pods;
			sourceTree = "<group>";
		};
		9C76F9811ED4D2080064FA9A = {
			isa = PBXGroup;
			children = (
				9C76F98C1ED4D2080064FA9A /* iBeer */,
				9C76F98B1ED4D2080064FA9A /* Products */,
				49DE9C233B8FEFA9841F69F2 /* Pods */,
				2CA5463467E6FA634646ECAD /* Frameworks */,
			);
			sourceTree = "<group>";
		};
		9C76F98B1ED4D2080064FA9A /* Products */ = {
			isa = PBXGroup;
			children = (
				9C76F98A1ED4D2080064FA9A /* iBeer.app */,
			);
			name = Products;
			sourceTree = "<group>";
		};
		9C76F98C1ED4D2080064FA9A /* iBeer */ = {
			isa = PBXGroup;
			children = (
				9C76F98D1ED4D2080064FA9A /* AppDelegate.swift */,
				9C76F98F1ED4D2080064FA9A /* ViewController.swift */,
				9C76F9911ED4D2080064FA9A /* Main.storyboard */,
				9C76F9941ED4D2080064FA9A /* Assets.xcassets */,
				9C76F9961ED4D2080064FA9A /* LaunchScreen.storyboard */,
				9C76F9991ED4D2080064FA9A /* Info.plist */,
				9C38D1AE1ED6207A00CC2493 /* BeerTableViewCell.swift */,
				9C38D1B01ED6217700CC2493 /* BeerTableViewController.swift */,
				9C7607581ED7651A0023ADD2 /* ProgressIndicator.swift */,
				9C76075A1ED77C620023ADD2 /* BeerDetailUIViewController.swift */,
			);
			path = iBeer;
			sourceTree = "<group>";
		};
/* End PBXGroup section */

/* Begin PBXNativeTarget section */
		9C76F9891ED4D2080064FA9A /* iBeer */ = {
			isa = PBXNativeTarget;
			buildConfigurationList = 9C76F99C1ED4D2080064FA9A /* Build configuration list for PBXNativeTarget "iBeer" */;
			buildPhases = (
				A4FCAE4815D9F13258A4E613 /* [CP] Check Pods Manifest.lock */,
				9C76F9861ED4D2080064FA9A /* Sources */,
				9C76F9871ED4D2080064FA9A /* Frameworks */,
				9C76F9881ED4D2080064FA9A /* Resources */,
				EA72EFB1F10D9211BC2A1464 /* [CP] Embed Pods Frameworks */,
				87CB4BBF6F36717058498B0D /* [CP] Copy Pods Resources */,
			);
			buildRules = (
			);
			dependencies = (
			);
			name = iBeer;
			productName = iBeer;
			productReference = 9C76F98A1ED4D2080064FA9A /* iBeer.app */;
			productType = "com.apple.product-type.application";
		};
/* End PBXNativeTarget section */

/* Begin PBXProject section */
		9C76F9821ED4D2080064FA9A /* Project object */ = {
			isa = PBXProject;
			attributes = {
				LastSwiftUpdateCheck = 0830;
				LastUpgradeCheck = 0830;
				ORGANIZATIONNAME = Marcelo;
				TargetAttributes = {
					9C76F9891ED4D2080064FA9A = {
						CreatedOnToolsVersion = 8.3.2;
						DevelopmentTeam = LK6M6GLJ39;
						ProvisioningStyle = Automatic;
					};
				};
			};
			buildConfigurationList = 9C76F9851ED4D2080064FA9A /* Build configuration list for PBXProject "iBeer" */;
			compatibilityVersion = "Xcode 3.2";
			developmentRegion = English;
			hasScannedForEncodings = 0;
			knownRegions = (
				en,
				Base,
			);
			mainGroup = 9C76F9811ED4D2080064FA9A;
			productRefGroup = 9C76F98B1ED4D2080064FA9A /* Products */;
			projectDirPath = "";
			projectRoot = "";
			targets = (
				9C76F9891ED4D2080064FA9A /* iBeer */,
			);
		};
/* End PBXProject section */

/* Begin PBXResourcesBuildPhase section */
		9C76F9881ED4D2080064FA9A /* Resources */ = {
			isa = PBXResourcesBuildPhase;
			buildActionMask = 2147483647;
			files = (
				9C76F9981ED4D2080064FA9A /* LaunchScreen.storyboard in Resources */,
				9C76F9951ED4D2080064FA9A /* Assets.xcassets in Resources */,
				9C76F9931ED4D2080064FA9A /* Main.storyboard in Resources */,
			);
			runOnlyForDeploymentPostprocessing = 0;
		};
/* End PBXResourcesBuildPhase section */

/* Begin PBXShellScriptBuildPhase section */
		87CB4BBF6F36717058498B0D /* [CP] Copy Pods Resources */ = {
			isa = PBXShellScriptBuildPhase;
			buildActionMask = 2147483647;
			files = (
			);
			inputPaths = (
			);
			name = "[CP] Copy Pods Resources";
			outputPaths = (
			);
			runOnlyForDeploymentPostprocessing = 0;
			shellPath = /bin/sh;
			shellScript = "\"${SRCROOT}/Pods/Target Support Files/Pods-iBeer/Pods-iBeer-resources.sh\"\n";
			showEnvVarsInLog = 0;
		};
		A4FCAE4815D9F13258A4E613 /* [CP] Check Pods Manifest.lock */ = {
			isa = PBXShellScriptBuildPhase;
			buildActionMask = 2147483647;
			files = (
			);
			inputPaths = (
			);
			name = "[CP] Check Pods Manifest.lock";
			outputPaths = (
			);
			runOnlyForDeploymentPostprocessing = 0;
			shellPath = /bin/sh;
			shellScript = "diff \"${PODS_ROOT}/../Podfile.lock\" \"${PODS_ROOT}/Manifest.lock\" > /dev/null\nif [ $? != 0 ] ; then\n    # print error to STDERR\n    echo \"error: The sandbox is not in sync with the Podfile.lock. Run 'pod install' or update your CocoaPods installation.\" >&2\n    exit 1\nfi\n";
			showEnvVarsInLog = 0;
		};
		EA72EFB1F10D9211BC2A1464 /* [CP] Embed Pods Frameworks */ = {
			isa = PBXShellScriptBuildPhase;
			buildActionMask = 2147483647;
			files = (
			);
			inputPaths = (
			);
			name = "[CP] Embed Pods Frameworks";
			outputPaths = (
			);
			runOnlyForDeploymentPostprocessing = 0;
			shellPath = /bin/sh;
			shellScript = "\"${SRCROOT}/Pods/Target Support Files/Pods-iBeer/Pods-iBeer-frameworks.sh\"\n";
			showEnvVarsInLog = 0;
		};
/* End PBXShellScriptBuildPhase section */

/* Begin PBXSourcesBuildPhase section */
		9C76F9861ED4D2080064FA9A /* Sources */ = {
			isa = PBXSourcesBuildPhase;
			buildActionMask = 2147483647;
			files = (
				9C76F9901ED4D2080064FA9A /* ViewController.swift in Sources */,
				9C38D1B11ED6217700CC2493 /* BeerTableViewController.swift in Sources */,
				9C38D1AF1ED6207A00CC2493 /* BeerTableViewCell.swift in Sources */,
				9C7607591ED7651A0023ADD2 /* ProgressIndicator.swift in Sources */,
				9C76075B1ED77C620023ADD2 /* BeerDetailUIViewController.swift in Sources */,
				9C76F98E1ED4D2080064FA9A /* AppDelegate.swift in Sources */,
			);
			runOnlyForDeploymentPostprocessing = 0;
		};
/* End PBXSourcesBuildPhase section */

/* Begin PBXVariantGroup section */
		9C76F9911ED4D2080064FA9A /* Main.storyboard */ = {
			isa = PBXVariantGroup;
			children = (
				9C76F9921ED4D2080064FA9A /* Base */,
			);
			name = Main.storyboard;
			sourceTree = "<group>";
		};
		9C76F9961ED4D2080064FA9A /* LaunchScreen.storyboard */ = {
			isa = PBXVariantGroup;
			children = (
				9C76F9971ED4D2080064FA9A /* Base */,
			);
			name = LaunchScreen.storyboard;
			sourceTree = "<group>";
		};
/* End PBXVariantGroup section */

/* Begin XCBuildConfiguration section */
		9C76F99A1ED4D2080064FA9A /* Debug */ = {
			isa = XCBuildConfiguration;
			buildSettings = {
				ALWAYS_SEARCH_USER_PATHS = NO;
				CLANG_ANALYZER_NONNULL = YES;
				CLANG_ANALYZER_NUMBER_OBJECT_CONVERSION = YES_AGGRESSIVE;
				CLANG_CXX_LANGUAGE_STANDARD = "gnu++0x";
				CLANG_CXX_LIBRARY = "libc++";
				CLANG_ENABLE_MODULES = YES;
				CLANG_ENABLE_OBJC_ARC = YES;
				CLANG_WARN_BOOL_CONVERSION = YES;
				CLANG_WARN_CONSTANT_CONVERSION = YES;
				CLANG_WARN_DIRECT_OBJC_ISA_USAGE = YES_ERROR;
				CLANG_WARN_DOCUMENTATION_COMMENTS = YES;
				CLANG_WARN_EMPTY_BODY = YES;
				CLANG_WARN_ENUM_CONVERSION = YES;
				CLANG_WARN_INFINITE_RECURSION = YES;
				CLANG_WARN_INT_CONVERSION = YES;
				CLANG_WARN_OBJC_ROOT_CLASS = YES_ERROR;
				CLANG_WARN_SUSPICIOUS_MOVE = YES;
				CLANG_WARN_UNREACHABLE_CODE = YES;
				CLANG_WARN__DUPLICATE_METHOD_MATCH = YES;
				"CODE_SIGN_IDENTITY[sdk=iphoneos*]" = "iPhone Developer";
				COPY_PHASE_STRIP = NO;
				DEBUG_INFORMATION_FORMAT = dwarf;
				ENABLE_STRICT_OBJC_MSGSEND = YES;
				ENABLE_TESTABILITY = YES;
				GCC_C_LANGUAGE_STANDARD = gnu99;
				GCC_DYNAMIC_NO_PIC = NO;
				GCC_NO_COMMON_BLOCKS = YES;
				GCC_OPTIMIZATION_LEVEL = 0;
				GCC_PREPROCESSOR_DEFINITIONS = (
					"DEBUG=1",
					"$(inherited)",
				);
				GCC_WARN_64_TO_32_BIT_CONVERSION = YES;
				GCC_WARN_ABOUT_RETURN_TYPE = YES_ERROR;
				GCC_WARN_UNDECLARED_SELECTOR = YES;
				GCC_WARN_UNINITIALIZED_AUTOS = YES_AGGRESSIVE;
				GCC_WARN_UNUSED_FUNCTION = YES;
				GCC_WARN_UNUSED_VARIABLE = YES;
				IPHONEOS_DEPLOYMENT_TARGET = 10.3;
				MTL_ENABLE_DEBUG_INFO = YES;
				ONLY_ACTIVE_ARCH = YES;
				SDKROOT = iphoneos;
				SWIFT_ACTIVE_COMPILATION_CONDITIONS = DEBUG;
				SWIFT_OPTIMIZATION_LEVEL = "-Onone";
			};
			name = Debug;
		};
		9C76F99B1ED4D2080064FA9A /* Release */ = {
			isa = XCBuildConfiguration;
			buildSettings = {
				ALWAYS_SEARCH_USER_PATHS = NO;
				CLANG_ANALYZER_NONNULL = YES;
				CLANG_ANALYZER_NUMBER_OBJECT_CONVERSION = YES_AGGRESSIVE;
				CLANG_CXX_LANGUAGE_STANDARD = "gnu++0x";
				CLANG_CXX_LIBRARY = "libc++";
				CLANG_ENABLE_MODULES = YES;
				CLANG_ENABLE_OBJC_ARC = YES;
				CLANG_WARN_BOOL_CONVERSION = YES;
				CLANG_WARN_CONSTANT_CONVERSION = YES;
				CLANG_WARN_DIRECT_OBJC_ISA_USAGE = YES_ERROR;
				CLANG_WARN_DOCUMENTATION_COMMENTS = YES;
				CLANG_WARN_EMPTY_BODY = YES;
				CLANG_WARN_ENUM_CONVERSION = YES;
				CLANG_WARN_INFINITE_RECURSION = YES;
				CLANG_WARN_INT_CONVERSION = YES;
				CLANG_WARN_OBJC_ROOT_CLASS = YES_ERROR;
				CLANG_WARN_SUSPICIOUS_MOVE = YES;
				CLANG_WARN_UNREACHABLE_CODE = YES;
				CLANG_WARN__DUPLICATE_METHOD_MATCH = YES;
				"CODE_SIGN_IDENTITY[sdk=iphoneos*]" = "iPhone Developer";
				COPY_PHASE_STRIP = NO;
				DEBUG_INFORMATION_FORMAT = "dwarf-with-dsym";
				ENABLE_NS_ASSERTIONS = NO;
				ENABLE_STRICT_OBJC_MSGSEND = YES;
				GCC_C_LANGUAGE_STANDARD = gnu99;
				GCC_NO_COMMON_BLOCKS = YES;
				GCC_WARN_64_TO_32_BIT_CONVERSION = YES;
				GCC_WARN_ABOUT_RETURN_TYPE = YES_ERROR;
				GCC_WARN_UNDECLARED_SELECTOR = YES;
				GCC_WARN_UNINITIALIZED_AUTOS = YES_AGGRESSIVE;
				GCC_WARN_UNUSED_FUNCTION = YES;
				GCC_WARN_UNUSED_VARIABLE = YES;
				IPHONEOS_DEPLOYMENT_TARGET = 10.3;
				MTL_ENABLE_DEBUG_INFO = NO;
				SDKROOT = iphoneos;
				SWIFT_OPTIMIZATION_LEVEL = "-Owholemodule";
				VALIDATE_PRODUCT = YES;
			};
			name = Release;
		};
		9C76F99D1ED4D2080064FA9A /* Debug */ = {
			isa = XCBuildConfiguration;
			baseConfigurationReference = 8EE71B2F2598EFEFA71013D7 /* Pods-iBeer.debug.xcconfig */;
			buildSettings = {
				ASSETCATALOG_COMPILER_APPICON_NAME = AppIcon;
				DEVELOPMENT_TEAM = LK6M6GLJ39;
				INFOPLIST_FILE = iBeer/Info.plist;
				LD_RUNPATH_SEARCH_PATHS = "$(inherited) @executable_path/Frameworks";
				PRODUCT_BUNDLE_IDENTIFIER = br.com.marcelo.iBeer;
				PRODUCT_NAME = "$(TARGET_NAME)";
				SWIFT_VERSION = 3.0;
			};
			name = Debug;
		};
		9C76F99E1ED4D2080064FA9A /* Release */ = {
			isa = XCBuildConfiguration;
			baseConfigurationReference = 515B9661950DDE26A9D5409C /* Pods-iBeer.release.xcconfig */;
			buildSettings = {
				ASSETCATALOG_COMPILER_APPICON_NAME = AppIcon;
				DEVELOPMENT_TEAM = LK6M6GLJ39;
				INFOPLIST_FILE = iBeer/Info.plist;
				LD_RUNPATH_SEARCH_PATHS = "$(inherited) @executable_path/Frameworks";
				PRODUCT_BUNDLE_IDENTIFIER = br.com.marcelo.iBeer;
				PRODUCT_NAME = "$(TARGET_NAME)";
				SWIFT_VERSION = 3.0;
			};
			name = Release;
		};
/* End XCBuildConfiguration section */

/* Begin XCConfigurationList section */
		9C76F9851ED4D2080064FA9A /* Build configuration list for PBXProject "iBeer" */ = {
			isa = XCConfigurationList;
			buildConfigurations = (
				9C76F99A1ED4D2080064FA9A /* Debug */,
				9C76F99B1ED4D2080064FA9A /* Release */,
			);
			defaultConfigurationIsVisible = 0;
			defaultConfigurationName = Release;
		};
		9C76F99C1ED4D2080064FA9A /* Build configuration list for PBXNativeTarget "iBeer" */ = {
			isa = XCConfigurationList;
			buildConfigurations = (
				9C76F99D1ED4D2080064FA9A /* Debug */,
				9C76F99E1ED4D2080064FA9A /* Release */,
			);
			defaultConfigurationIsVisible = 0;
			defaultConfigurationName = Release;
		};
/* End XCConfigurationList section */
	};
	rootObject = 9C76F9821ED4D2080064FA9A /* Project object */;
}
